
Microsoft Visual Studio Solution File, Format Version 12.00
# Visual Studio 15
VisualStudioVersion = 15.0.28307.1927
MinimumVisualStudioVersion = 10.0.40219.1
Project("{FAE04EC0-301F-11D3-BF4B-00C04F79EFBC}") = "WindowsFormsApp1", "WindowsFormsApp1\WindowsFormsApp1.csproj", "{86A69057-BE6F-4C37-8DF0-C3AB3CA1138F}"
EndProject
Global
	GlobalSection(SolutionConfigurationPlatforms) = preSolution
		Debug|Any CPU = Debug|Any CPU
		Release|Any CPU = Release|Any CPU
	EndGlobalSection
	GlobalSection(ProjectConfigurationPlatforms) = postSolution
		{86A69057-BE6F-4C37-8DF0-C3AB3CA1138F}.Debug|Any CPU.ActiveCfg = Debug|Any CPU
		{86A69057-BE6F-4C37-8DF0-C3AB3CA1138F}.Debug|Any CPU.Build.0 = Debug|Any CPU
		{86A69057-BE6F-4C37-8DF0-C3AB3CA1138F}.Release|Any CPU.ActiveCfg = Release|Any CPU
		{86A69057-BE6F-4C37-8DF0-C3AB3CA1138F}.Release|Any CPU.Build.0 = Release|Any CPU
	EndGlobalSection
	GlobalSection(SolutionProperties) = preSolution
		HideSolutionNode = FALSE
	EndGlobalSection
	GlobalSection(ExtensibilityGlobals) = postSolution
		SolutionGuid = {7E6861C6-9D70-4C4B-B5C4-5D7DF6744EFE}
	EndGlobalSection
EndGlobal
